
Microsoft Visual Studio Solution File, Format Version 12.00
# Visual Studio Version 17
VisualStudioVersion = 17.5.33627.172
MinimumVisualStudioVersion = 10.0.40219.1
Project("{FAE04EC0-301F-11D3-BF4B-00C04F79EFBC}") = "Payment_Control", "Payment_Control\Payment_Control.csproj", "{E264AACB-4A25-4C84-8AC6-49C0A11312ED}"
EndProject
Global
	GlobalSection(SolutionConfigurationPlatforms) = preSolution
		Debug|Any CPU = Debug|Any CPU
		Release|Any CPU = Release|Any CPU
	EndGlobalSection
	GlobalSection(ProjectConfigurationPlatforms) = postSolution
		{E264AACB-4A25-4C84-8AC6-49C0A11312ED}.Debug|Any CPU.ActiveCfg = Debug|Any CPU
		{E264AACB-4A25-4C84-8AC6-49C0A11312ED}.Debug|Any CPU.Build.0 = Debug|Any CPU
		{E264AACB-4A25-4C84-8AC6-49C0A11312ED}.Release|Any CPU.ActiveCfg = Release|Any CPU
		{E264AACB-4A25-4C84-8AC6-49C0A11312ED}.Release|Any CPU.Build.0 = Release|Any CPU
	EndGlobalSection
	GlobalSection(SolutionProperties) = preSolution
		HideSolutionNode = FALSE
	EndGlobalSection
	GlobalSection(ExtensibilityGlobals) = postSolution
		SolutionGuid = {4732C823-D625-4187-9B53-61291398DC7F}
	EndGlobalSection
EndGlobal
